// !$*UTF8*$!
{
	archiveVersion = 1;
	classes = {
	};
	objectVersion = 50;
	objects = {

/* Begin PBXBuildFile section */
		AECDB6EF25BD2CFB00C4185C /* SwiftUI_Lecture_12_AlertViewApp.swift in Sources */ = {isa = PBXBuildFile; fileRef = AECDB6EE25BD2CFB00C4185C /* SwiftUI_Lecture_12_AlertViewApp.swift */; };
		AECDB6F125BD2CFB00C4185C /* ContentView.swift in Sources */ = {isa = PBXBuildFile; fileRef = AECDB6F025BD2CFB00C4185C /* ContentView.swift */; };
		AECDB6F325BD2CFB00C4185C /* Assets.xcassets in Resources */ = {isa = PBXBuildFile; fileRef = AECDB6F225BD2CFB00C4185C /* Assets.xcassets */; };
		AECDB6F625BD2CFB00C4185C /* Preview Assets.xcassets in Resources */ = {isa = PBXBuildFile; fileRef = AECDB6F525BD2CFB00C4185C /* Preview Assets.xcassets */; };
/* End PBXBuildFile section */

/* Begin PBXFileReference section */
		AECDB6EB25BD2CFB00C4185C /* SwiftUI_Lecture_12_AlertView.app */ = {isa = PBXFileReference; explicitFileType = wrapper.application; includeInIndex = 0; path = SwiftUI_Lecture_12_AlertView.app; sourceTree = BUILT_PRODUCTS_DIR; };
		AECDB6EE25BD2CFB00C4185C /* SwiftUI_Lecture_12_AlertViewApp.swift */ = {isa = PBXFileReference; lastKnownFileType = sourcecode.swift; path = SwiftUI_Lecture_12_AlertViewApp.swift; sourceTree = "<group>"; };
		AECDB6F025BD2CFB00C4185C /* ContentView.swift */ = {isa = PBXFileReference; lastKnownFileType = sourcecode.swift; path = ContentView.swift; sourceTree = "<group>"; };
		AECDB6F225BD2CFB00C4185C /* Assets.xcassets */ = {isa = PBXFileReference; lastKnownFileType = folder.assetcatalog; path = Assets.xcassets; sourceTree = "<group>"; };
		AECDB6F525BD2CFB00C4185C /* Preview Assets.xcassets */ = {isa = PBXFileReference; lastKnownFileType = folder.assetcatalog; path = "Preview Assets.xcassets"; sourceTree = "<group>"; };
		AECDB6F725BD2CFB00C4185C /* Info.plist */ = {isa = PBXFileReference; lastKnownFileType = text.plist.xml; path = Info.plist; sourceTree = "<group>"; };
/* End PBXFileReference section */

/* Begin PBXFrameworksBuildPhase section */
		AECDB6E825BD2CFB00C4185C /* Frameworks */ = {
			isa = PBXFrameworksBuildPhase;
			buildActionMask = 2147483647;
			files = (
			);
			runOnlyForDeploymentPostprocessing = 0;
		};
/* End PBXFrameworksBuildPhase section */

/* Begin PBXGroup section */
		AECDB6E225BD2CFB00C4185C = {
			isa = PBXGroup;
			children = (
				AECDB6ED25BD2CFB00C4185C /* SwiftUI_Lecture_12_AlertView */,
				AECDB6EC25BD2CFB00C4185C /* Products */,
			);
			sourceTree = "<group>";
		};
		AECDB6EC25BD2CFB00C4185C /* Products */ = {
			isa = PBXGroup;
			children = (
				AECDB6EB25BD2CFB00C4185C /* SwiftUI_Lecture_12_AlertView.app */,
			);
			name = Products;
			sourceTree = "<group>";
		};
		AECDB6ED25BD2CFB00C4185C /* SwiftUI_Lecture_12_AlertView */ = {
			isa = PBXGroup;
			children = (
				AECDB6EE25BD2CFB00C4185C /* SwiftUI_Lecture_12_AlertViewApp.swift */,
				AECDB6F025BD2CFB00C4185C /* ContentView.swift */,
				AECDB6F225BD2CFB00C4185C /* Assets.xcassets */,
				AECDB6F725BD2CFB00C4185C /* Info.plist */,
				AECDB6F425BD2CFB00C4185C /* Preview Content */,
			);
			path = SwiftUI_Lecture_12_AlertView;
			sourceTree = "<group>";
		};
		AECDB6F425BD2CFB00C4185C /* Preview Content */ = {
			isa = PBXGroup;
			children = (
				AECDB6F525BD2CFB00C4185C /* Preview Assets.xcassets */,
			);
			path = "Preview Content";
			sourceTree = "<group>";
		};
/* End PBXGroup section */

/* Begin PBXNativeTarget section */
		AECDB6EA25BD2CFB00C4185C /* SwiftUI_Lecture_12_AlertView */ = {
			isa = PBXNativeTarget;
			buildConfigurationList = AECDB6FA25BD2CFB00C4185C /* Build configuration list for PBXNativeTarget "SwiftUI_Lecture_12_AlertView" */;
			buildPhases = (
				AECDB6E725BD2CFB00C4185C /* Sources */,
				AECDB6E825BD2CFB00C4185C /* Frameworks */,
				AECDB6E925BD2CFB00C4185C /* Resources */,
			);
			buildRules = (
			);
			dependencies = (
			);
			name = SwiftUI_Lecture_12_AlertView;
			productName = SwiftUI_Lecture_12_AlertView;
			productReference = AECDB6EB25BD2CFB00C4185C /* SwiftUI_Lecture_12_AlertView.app */;
			productType = "com.apple.product-type.application";
		};
/* End PBXNativeTarget section */

/* Begin PBXProject section */
		AECDB6E325BD2CFB00C4185C /* Project object */ = {
			isa = PBXProject;
			attributes = {
				LastSwiftUpdateCheck = 1230;
				LastUpgradeCheck = 1230;
				TargetAttributes = {
					AECDB6EA25BD2CFB00C4185C = {
						CreatedOnToolsVersion = 12.3;
					};
				};
			};
			buildConfigurationList = AECDB6E625BD2CFB00C4185C /* Build configuration list for PBXProject "SwiftUI_Lecture_12_AlertView" */;
			compatibilityVersion = "Xcode 9.3";
			developmentRegion = en;
			hasScannedForEncodings = 0;
			knownRegions = (
				en,
				Base,
			);
			mainGroup = AECDB6E225BD2CFB00C4185C;
			productRefGroup = AECDB6EC25BD2CFB00C4185C /* Products */;
			projectDirPath = "";
			projectRoot = "";
			targets = (
				AECDB6EA25BD2CFB00C4185C /* SwiftUI_Lecture_12_AlertView */,
			);
		};
/* End PBXProject section */

/* Begin PBXResourcesBuildPhase section */
		AECDB6E925BD2CFB00C4185C /* Resources */ = {
			isa = PBXResourcesBuildPhase;
			buildActionMask = 2147483647;
			files = (
				AECDB6F625BD2CFB00C4185C /* Preview Assets.xcassets in Resources */,
				AECDB6F325BD2CFB00C4185C /* Assets.xcassets in Resources */,
			);
			runOnlyForDeploymentPostprocessing = 0;
		};
/* End PBXResourcesBuildPhase section */

/* Begin PBXSourcesBuildPhase section */
		AECDB6E725BD2CFB00C4185C /* Sources */ = {
			isa = PBXSourcesBuildPhase;
			buildActionMask = 2147483647;
			files = (
				AECDB6F125BD2CFB00C4185C /* ContentView.swift in Sources */,
				AECDB6EF25BD2CFB00C4185C /* SwiftUI_Lecture_12_AlertViewApp.swift in Sources */,
			);
			runOnlyForDeploymentPostprocessing = 0;
		};
/* End PBXSourcesBuildPhase section */

/* Begin XCBuildConfiguration section */
		AECDB6F825BD2CFB00C4185C /* Debug */ = {
			isa = XCBuildConfiguration;
			buildSettings = {
				ALWAYS_SEARCH_USER_PATHS = NO;
				CLANG_ANALYZER_NONNULL = YES;
				CLANG_ANALYZER_NUMBER_OBJECT_CONVERSION = YES_AGGRESSIVE;
				CLANG_CXX_LANGUAGE_STANDARD = "gnu++14";
				CLANG_CXX_LIBRARY = "libc++";
				CLANG_ENABLE_MODULES = YES;
				CLANG_ENABLE_OBJC_ARC = YES;
				CLANG_ENABLE_OBJC_WEAK = YES;
				CLANG_WARN_BLOCK_CAPTURE_AUTORELEASING = YES;
				CLANG_WARN_BOOL_CONVERSION = YES;
				CLANG_WARN_COMMA = YES;
				CLANG_WARN_CONSTANT_CONVERSION = YES;
				CLANG_WARN_DEPRECATED_OBJC_IMPLEMENTATIONS = YES;
				CLANG_WARN_DIRECT_OBJC_ISA_USAGE = YES_ERROR;
				CLANG_WARN_DOCUMENTATION_COMMENTS = YES;
				CLANG_WARN_EMPTY_BODY = YES;
				CLANG_WARN_ENUM_CONVERSION = YES;
				CLANG_WARN_INFINITE_RECURSION = YES;
				CLANG_WARN_INT_CONVERSION = YES;
				CLANG_WARN_NON_LITERAL_NULL_CONVERSION = YES;
				CLANG_WARN_OBJC_IMPLICIT_RETAIN_SELF = YES;
				CLANG_WARN_OBJC_LITERAL_CONVERSION = YES;
				CLANG_WARN_OBJC_ROOT_CLASS = YES_ERROR;
				CLANG_WARN_QUOTED_INCLUDE_IN_FRAMEWORK_HEADER = YES;
				CLANG_WARN_RANGE_LOOP_ANALYSIS = YES;
				CLANG_WARN_STRICT_PROTOTYPES = YES;
				CLANG_WARN_SUSPICIOUS_MOVE = YES;
				CLANG_WARN_UNGUARDED_AVAILABILITY = YES_AGGRESSIVE;
				CLANG_WARN_UNREACHABLE_CODE = YES;
				CLANG_WARN__DUPLICATE_METHOD_MATCH = YES;
				COPY_PHASE_STRIP = NO;
				DEBUG_INFORMATION_FORMAT = dwarf;
				ENABLE_STRICT_OBJC_MSGSEND = YES;
				ENABLE_TESTABILITY = YES;
				GCC_C_LANGUAGE_STANDARD = gnu11;
				GCC_DYNAMIC_NO_PIC = NO;
				GCC_NO_COMMON_BLOCKS = YES;
				GCC_OPTIMIZATION_LEVEL = 0;
				GCC_PREPROCESSOR_DEFINITIONS = (
					"DEBUG=1",
					"$(inherited)",
				);
				GCC_WARN_64_TO_32_BIT_CONVERSION = YES;
				GCC_WARN_ABOUT_RETURN_TYPE = YES_ERROR;
				GCC_WARN_UNDECLARED_SELECTOR = YES;
				GCC_WARN_UNINITIALIZED_AUTOS = YES_AGGRESSIVE;
				GCC_WARN_UNUSED_FUNCTION = YES;
				GCC_WARN_UNUSED_VARIABLE = YES;
				IPHONEOS_DEPLOYMENT_TARGET = 14.3;
				MTL_ENABLE_DEBUG_INFO = INCLUDE_SOURCE;
				MTL_FAST_MATH = YES;
				ONLY_ACTIVE_ARCH = YES;
				SDKROOT = iphoneos;
				SWIFT_ACTIVE_COMPILATION_CONDITIONS = DEBUG;
				SWIFT_OPTIMIZATION_LEVEL = "-Onone";
			};
			name = Debug;
		};
		AECDB6F925BD2CFB00C4185C /* Release */ = {
			isa = XCBuildConfiguration;
			buildSettings = {
				ALWAYS_SEARCH_USER_PATHS = NO;
				CLANG_ANALYZER_NONNULL = YES;
				CLANG_ANALYZER_NUMBER_OBJECT_CONVERSION = YES_AGGRESSIVE;
				CLANG_CXX_LANGUAGE_STANDARD = "gnu++14";
				CLANG_CXX_LIBRARY = "libc++";
				CLANG_ENABLE_MODULES = YES;
				CLANG_ENABLE_OBJC_ARC = YES;
				CLANG_ENABLE_OBJC_WEAK = YES;
				CLANG_WARN_BLOCK_CAPTURE_AUTORELEASING = YES;
				CLANG_WARN_BOOL_CONVERSION = YES;
				CLANG_WARN_COMMA = YES;
				CLANG_WARN_CONSTANT_CONVERSION = YES;
				CLANG_WARN_DEPRECATED_OBJC_IMPLEMENTATIONS = YES;
				CLANG_WARN_DIRECT_OBJC_ISA_USAGE = YES_ERROR;
				CLANG_WARN_DOCUMENTATION_COMMENTS = YES;
				CLANG_WARN_EMPTY_BODY = YES;
				CLANG_WARN_ENUM_CONVERSION = YES;
				CLANG_WARN_INFINITE_RECURSION = YES;
				CLANG_WARN_INT_CONVERSION = YES;
				CLANG_WARN_NON_LITERAL_NULL_CONVERSION = YES;
				CLANG_WARN_OBJC_IMPLICIT_RETAIN_SELF = YES;
				CLANG_WARN_OBJC_LITERAL_CONVERSION = YES;
				CLANG_WARN_OBJC_ROOT_CLASS = YES_ERROR;
				CLANG_WARN_QUOTED_INCLUDE_IN_FRAMEWORK_HEADER = YES;
				CLANG_WARN_RANGE_LOOP_ANALYSIS = YES;
				CLANG_WARN_STRICT_PROTOTYPES = YES;
				CLANG_WARN_SUSPICIOUS_MOVE = YES;
				CLANG_WARN_UNGUARDED_AVAILABILITY = YES_AGGRESSIVE;
				CLANG_WARN_UNREACHABLE_CODE = YES;
				CLANG_WARN__DUPLICATE_METHOD_MATCH = YES;
				COPY_PHASE_STRIP = NO;
				DEBUG_INFORMATION_FORMAT = "dwarf-with-dsym";
				ENABLE_NS_ASSERTIONS = NO;
				ENABLE_STRICT_OBJC_MSGSEND = YES;
				GCC_C_LANGUAGE_STANDARD = gnu11;
				GCC_NO_COMMON_BLOCKS = YES;
				GCC_WARN_64_TO_32_BIT_CONVERSION = YES;
				GCC_WARN_ABOUT_RETURN_TYPE = YES_ERROR;
				GCC_WARN_UNDECLARED_SELECTOR = YES;
				GCC_WARN_UNINITIALIZED_AUTOS = YES_AGGRESSIVE;
				GCC_WARN_UNUSED_FUNCTION = YES;
				GCC_WARN_UNUSED_VARIABLE = YES;
				IPHONEOS_DEPLOYMENT_TARGET = 14.3;
				MTL_ENABLE_DEBUG_INFO = NO;
				MTL_FAST_MATH = YES;
				SDKROOT = iphoneos;
				SWIFT_COMPILATION_MODE = wholemodule;
				SWIFT_OPTIMIZATION_LEVEL = "-O";
				VALIDATE_PRODUCT = YES;
			};
			name = Release;
		};
		AECDB6FB25BD2CFB00C4185C /* Debug */ = {
			isa = XCBuildConfiguration;
			buildSettings = {
				ASSETCATALOG_COMPILER_APPICON_NAME = AppIcon;
				ASSETCATALOG_COMPILER_GLOBAL_ACCENT_COLOR_NAME = AccentColor;
				CODE_SIGN_STYLE = Automatic;
				DEVELOPMENT_ASSET_PATHS = "\"SwiftUI_Lecture_12_AlertView/Preview Content\"";
				DEVELOPMENT_TEAM = XXQQLC45C5;
				ENABLE_PREVIEWS = YES;
				INFOPLIST_FILE = SwiftUI_Lecture_12_AlertView/Info.plist;
				IPHONEOS_DEPLOYMENT_TARGET = 14.0;
				LD_RUNPATH_SEARCH_PATHS = (
					"$(inherited)",
					"@executable_path/Frameworks",
				);
				PRODUCT_BUNDLE_IDENTIFIER = "com.5years.SwiftUI-Lecture-12-AlertView";
				PRODUCT_NAME = "$(TARGET_NAME)";
				SWIFT_VERSION = 5.0;
				TARGETED_DEVICE_FAMILY = "1,2";
			};
			name = Debug;
		};
		AECDB6FC25BD2CFB00C4185C /* Release */ = {
			isa = XCBuildConfiguration;
			buildSettings = {
				ASSETCATALOG_COMPILER_APPICON_NAME = AppIcon;
				ASSETCATALOG_COMPILER_GLOBAL_ACCENT_COLOR_NAME = AccentColor;
				CODE_SIGN_STYLE = Automatic;
				DEVELOPMENT_ASSET_PATHS = "\"SwiftUI_Lecture_12_AlertView/Preview Content\"";
				DEVELOPMENT_TEAM = XXQQLC45C5;
				ENABLE_PREVIEWS = YES;
				INFOPLIST_FILE = SwiftUI_Lecture_12_AlertView/Info.plist;
				IPHONEOS_DEPLOYMENT_TARGET = 14.0;
				LD_RUNPATH_SEARCH_PATHS = (
					"$(inherited)",
					"@executable_path/Frameworks",
				);
				PRODUCT_BUNDLE_IDENTIFIER = "com.5years.SwiftUI-Lecture-12-AlertView";
				PRODUCT_NAME = "$(TARGET_NAME)";
				SWIFT_VERSION = 5.0;
				TARGETED_DEVICE_FAMILY = "1,2";
			};
			name = Release;
		};
/* End XCBuildConfiguration section */

/* Begin XCConfigurationList section */
		AECDB6E625BD2CFB00C4185C /* Build configuration list for PBXProject "SwiftUI_Lecture_12_AlertView" */ = {
			isa = XCConfigurationList;
			buildConfigurations = (
				AECDB6F825BD2CFB00C4185C /* Debug */,
				AECDB6F925BD2CFB00C4185C /* Release */,
			);
			defaultConfigurationIsVisible = 0;
			defaultConfigurationName = Release;
		};
		AECDB6FA25BD2CFB00C4185C /* Build configuration list for PBXNativeTarget "SwiftUI_Lecture_12_AlertView" */ = {
			isa = XCConfigurationList;
			buildConfigurations = (
				AECDB6FB25BD2CFB00C4185C /* Debug */,
				AECDB6FC25BD2CFB00C4185C /* Release */,
			);
			defaultConfigurationIsVisible = 0;
			defaultConfigurationName = Release;
		};
/* End XCConfigurationList section */
	};
	rootObject = AECDB6E325BD2CFB00C4185C /* Project object */;
}
